
Microsoft Visual Studio Solution File, Format Version 12.00
# Visual Studio Version 17
VisualStudioVersion = 17.5.33516.290
MinimumVisualStudioVersion = 10.0.40219.1
Project("{FAE04EC0-301F-11D3-BF4B-00C04F79EFBC}") = "Care", "Care\Care.csproj", "{A475A9DB-F864-4BD5-9C79-34E157E4171E}"
EndProject
Global
	GlobalSection(SolutionConfigurationPlatforms) = preSolution
		Debug|Any CPU = Debug|Any CPU
		Release|Any CPU = Release|Any CPU
	EndGlobalSection
	GlobalSection(ProjectConfigurationPlatforms) = postSolution
		{A475A9DB-F864-4BD5-9C79-34E157E4171E}.Debug|Any CPU.ActiveCfg = Debug|Any CPU
		{A475A9DB-F864-4BD5-9C79-34E157E4171E}.Debug|Any CPU.Build.0 = Debug|Any CPU
		{A475A9DB-F864-4BD5-9C79-34E157E4171E}.Release|Any CPU.ActiveCfg = Release|Any CPU
		{A475A9DB-F864-4BD5-9C79-34E157E4171E}.Release|Any CPU.Build.0 = Release|Any CPU
	EndGlobalSection
	GlobalSection(SolutionProperties) = preSolution
		HideSolutionNode = FALSE
	EndGlobalSection
	GlobalSection(ExtensibilityGlobals) = postSolution
		SolutionGuid = {3B40D2F4-8A91-4744-A89E-FB6BBB8015BC}
	EndGlobalSection
EndGlobal
